
Microsoft Visual Studio Solution File, Format Version 12.00
# Visual Studio Version 17
VisualStudioVersion = 17.5.33424.131
MinimumVisualStudioVersion = 10.0.40219.1
Project("{FAE04EC0-301F-11D3-BF4B-00C04F79EFBC}") = "Blazor server side 2FA", "Blazor server side 2FA\Blazor server side 2FA.csproj", "{6738AB3C-A6A3-40F0-8D73-2F4443414B69}"
EndProject
Global
	GlobalSection(SolutionConfigurationPlatforms) = preSolution
		Debug|Any CPU = Debug|Any CPU
		Release|Any CPU = Release|Any CPU
	EndGlobalSection
	GlobalSection(ProjectConfigurationPlatforms) = postSolution
		{6738AB3C-A6A3-40F0-8D73-2F4443414B69}.Debug|Any CPU.ActiveCfg = Debug|Any CPU
		{6738AB3C-A6A3-40F0-8D73-2F4443414B69}.Debug|Any CPU.Build.0 = Debug|Any CPU
		{6738AB3C-A6A3-40F0-8D73-2F4443414B69}.Release|Any CPU.ActiveCfg = Release|Any CPU
		{6738AB3C-A6A3-40F0-8D73-2F4443414B69}.Release|Any CPU.Build.0 = Release|Any CPU
	EndGlobalSection
	GlobalSection(SolutionProperties) = preSolution
		HideSolutionNode = FALSE
	EndGlobalSection
	GlobalSection(ExtensibilityGlobals) = postSolution
		SolutionGuid = {46190B35-4D4A-49C7-ABB3-6C7ADB9FDA19}
	EndGlobalSection
EndGlobal
